
Microsoft Visual Studio Solution File, Format Version 12.00
# Visual Studio 15
VisualStudioVersion = 15.0.26124.0
MinimumVisualStudioVersion = 15.0.26124.0
Project("{2150E333-8FDC-42A3-9474-1A3956D46DE8}") = "src", "src", "{9DF7280A-6575-426F-9F27-E91F00D2382C}"
EndProject
Project("{FAE04EC0-301F-11D3-BF4B-00C04F79EFBC}") = "OK.Hookman.API", "src\OK.Hookman.API\OK.Hookman.API.csproj", "{A1E4BAE9-C764-4802-A868-26AA58A22071}"
EndProject
Project("{FAE04EC0-301F-11D3-BF4B-00C04F79EFBC}") = "OK.Hookman.Client", "src\OK.Hookman.Client\OK.Hookman.Client.csproj", "{217E72AC-0AEF-4B63-B866-050E845CB017}"
EndProject
Project("{FAE04EC0-301F-11D3-BF4B-00C04F79EFBC}") = "OK.Hookman.Core", "src\OK.Hookman.Core\OK.Hookman.Core.csproj", "{9210D493-B0A5-4A32-95D9-5299D73C8F15}"
EndProject
Project("{FAE04EC0-301F-11D3-BF4B-00C04F79EFBC}") = "OK.Hookman.Persistence.Core", "src\OK.Hookman.Persistence.Core\OK.Hookman.Persistence.Core.csproj", "{361BF586-2BED-4960-B714-AF374F0B6980}"
EndProject
Project("{FAE04EC0-301F-11D3-BF4B-00C04F79EFBC}") = "OK.Hookman.Persistence.SqlServer", "src\OK.Hookman.Persistence.SqlServer\OK.Hookman.Persistence.SqlServer.csproj", "{AE432704-E368-4B41-B386-5F3C6C472C9D}"
EndProject
Project("{FAE04EC0-301F-11D3-BF4B-00C04F79EFBC}") = "OK.Hookman.Service", "src\OK.Hookman.Service\OK.Hookman.Service.csproj", "{985D02D5-B44D-4B6E-860A-A1D4FDFDEF45}"
EndProject
Project("{FAE04EC0-301F-11D3-BF4B-00C04F79EFBC}") = "OK.Hookman.UI", "src\OK.Hookman.UI\OK.Hookman.UI.csproj", "{CCC37BAE-041B-4E9F-81A1-1BCE21F420EB}"
EndProject
Global
	GlobalSection(SolutionConfigurationPlatforms) = preSolution
		Debug|Any CPU = Debug|Any CPU
		Debug|x64 = Debug|x64
		Debug|x86 = Debug|x86
		Release|Any CPU = Release|Any CPU
		Release|x64 = Release|x64
		Release|x86 = Release|x86
	EndGlobalSection
	GlobalSection(SolutionProperties) = preSolution
		HideSolutionNode = FALSE
	EndGlobalSection
	GlobalSection(ProjectConfigurationPlatforms) = postSolution
		{A1E4BAE9-C764-4802-A868-26AA58A22071}.Debug|Any CPU.ActiveCfg = Debug|Any CPU
		{A1E4BAE9-C764-4802-A868-26AA58A22071}.Debug|Any CPU.Build.0 = Debug|Any CPU
		{A1E4BAE9-C764-4802-A868-26AA58A22071}.Debug|x64.ActiveCfg = Debug|Any CPU
		{A1E4BAE9-C764-4802-A868-26AA58A22071}.Debug|x64.Build.0 = Debug|Any CPU
		{A1E4BAE9-C764-4802-A868-26AA58A22071}.Debug|x86.ActiveCfg = Debug|Any CPU
		{A1E4BAE9-C764-4802-A868-26AA58A22071}.Debug|x86.Build.0 = Debug|Any CPU
		{A1E4BAE9-C764-4802-A868-26AA58A22071}.Release|Any CPU.ActiveCfg = Release|Any CPU
		{A1E4BAE9-C764-4802-A868-26AA58A22071}.Release|Any CPU.Build.0 = Release|Any CPU
		{A1E4BAE9-C764-4802-A868-26AA58A22071}.Release|x64.ActiveCfg = Release|Any CPU
		{A1E4BAE9-C764-4802-A868-26AA58A22071}.Release|x64.Build.0 = Release|Any CPU
		{A1E4BAE9-C764-4802-A868-26AA58A22071}.Release|x86.ActiveCfg = Release|Any CPU
		{A1E4BAE9-C764-4802-A868-26AA58A22071}.Release|x86.Build.0 = Release|Any CPU
		{217E72AC-0AEF-4B63-B866-050E845CB017}.Debug|Any CPU.ActiveCfg = Debug|Any CPU
		{217E72AC-0AEF-4B63-B866-050E845CB017}.Debug|Any CPU.Build.0 = Debug|Any CPU
		{217E72AC-0AEF-4B63-B866-050E845CB017}.Debug|x64.ActiveCfg = Debug|Any CPU
		{217E72AC-0AEF-4B63-B866-050E845CB017}.Debug|x64.Build.0 = Debug|Any CPU
		{217E72AC-0AEF-4B63-B866-050E845CB017}.Debug|x86.ActiveCfg = Debug|Any CPU
		{217E72AC-0AEF-4B63-B866-050E845CB017}.Debug|x86.Build.0 = Debug|Any CPU
		{217E72AC-0AEF-4B63-B866-050E845CB017}.Release|Any CPU.ActiveCfg = Release|Any CPU
		{217E72AC-0AEF-4B63-B866-050E845CB017}.Release|Any CPU.Build.0 = Release|Any CPU
		{217E72AC-0AEF-4B63-B866-050E845CB017}.Release|x64.ActiveCfg = Release|Any CPU
		{217E72AC-0AEF-4B63-B866-050E845CB017}.Release|x64.Build.0 = Release|Any CPU
		{217E72AC-0AEF-4B63-B866-050E845CB017}.Release|x86.ActiveCfg = Release|Any CPU
		{217E72AC-0AEF-4B63-B866-050E845CB017}.Release|x86.Build.0 = Release|Any CPU
		{9210D493-B0A5-4A32-95D9-5299D73C8F15}.Debug|Any CPU.ActiveCfg = Debug|Any CPU
		{9210D493-B0A5-4A32-95D9-5299D73C8F15}.Debug|Any CPU.Build.0 = Debug|Any CPU
		{9210D493-B0A5-4A32-95D9-5299D73C8F15}.Debug|x64.ActiveCfg = Debug|Any CPU
		{9210D493-B0A5-4A32-95D9-5299D73C8F15}.Debug|x64.Build.0 = Debug|Any CPU
		{9210D493-B0A5-4A32-95D9-5299D73C8F15}.Debug|x86.ActiveCfg = Debug|Any CPU
		{9210D493-B0A5-4A32-95D9-5299D73C8F15}.Debug|x86.Build.0 = Debug|Any CPU
		{9210D493-B0A5-4A32-95D9-5299D73C8F15}.Release|Any CPU.ActiveCfg = Release|Any CPU
		{9210D493-B0A5-4A32-95D9-5299D73C8F15}.Release|Any CPU.Build.0 = Release|Any CPU
		{9210D493-B0A5-4A32-95D9-5299D73C8F15}.Release|x64.ActiveCfg = Release|Any CPU
		{9210D493-B0A5-4A32-95D9-5299D73C8F15}.Release|x64.Build.0 = Release|Any CPU
		{9210D493-B0A5-4A32-95D9-5299D73C8F15}.Release|x86.ActiveCfg = Release|Any CPU
		{9210D493-B0A5-4A32-95D9-5299D73C8F15}.Release|x86.Build.0 = Release|Any CPU
		{361BF586-2BED-4960-B714-AF374F0B6980}.Debug|Any CPU.ActiveCfg = Debug|Any CPU
		{361BF586-2BED-4960-B714-AF374F0B6980}.Debug|Any CPU.Build.0 = Debug|Any CPU
		{361BF586-2BED-4960-B714-AF374F0B6980}.Debug|x64.ActiveCfg = Debug|Any CPU
		{361BF586-2BED-4960-B714-AF374F0B6980}.Debug|x64.Build.0 = Debug|Any CPU
		{361BF586-2BED-4960-B714-AF374F0B6980}.Debug|x86.ActiveCfg = Debug|Any CPU
		{361BF586-2BED-4960-B714-AF374F0B6980}.Debug|x86.Build.0 = Debug|Any CPU
		{361BF586-2BED-4960-B714-AF374F0B6980}.Release|Any CPU.ActiveCfg = Release|Any CPU
		{361BF586-2BED-4960-B714-AF374F0B6980}.Release|Any CPU.Build.0 = Release|Any CPU
		{361BF586-2BED-4960-B714-AF374F0B6980}.Release|x64.ActiveCfg = Release|Any CPU
		{361BF586-2BED-4960-B714-AF374F0B6980}.Release|x64.Build.0 = Release|Any CPU
		{361BF586-2BED-4960-B714-AF374F0B6980}.Release|x86.ActiveCfg = Release|Any CPU
		{361BF586-2BED-4960-B714-AF374F0B6980}.Release|x86.Build.0 = Release|Any CPU
		{AE432704-E368-4B41-B386-5F3C6C472C9D}.Debug|Any CPU.ActiveCfg = Debug|Any CPU
		{AE432704-E368-4B41-B386-5F3C6C472C9D}.Debug|Any CPU.Build.0 = Debug|Any CPU
		{AE432704-E368-4B41-B386-5F3C6C472C9D}.Debug|x64.ActiveCfg = Debug|Any CPU
		{AE432704-E368-4B41-B386-5F3C6C472C9D}.Debug|x64.Build.0 = Debug|Any CPU
		{AE432704-E368-4B41-B386-5F3C6C472C9D}.Debug|x86.ActiveCfg = Debug|Any CPU
		{AE432704-E368-4B41-B386-5F3C6C472C9D}.Debug|x86.Build.0 = Debug|Any CPU
		{AE432704-E368-4B41-B386-5F3C6C472C9D}.Release|Any CPU.ActiveCfg = Release|Any CPU
		{AE432704-E368-4B41-B386-5F3C6C472C9D}.Release|Any CPU.Build.0 = Release|Any CPU
		{AE432704-E368-4B41-B386-5F3C6C472C9D}.Release|x64.ActiveCfg = Release|Any CPU
		{AE432704-E368-4B41-B386-5F3C6C472C9D}.Release|x64.Build.0 = Release|Any CPU
		{AE432704-E368-4B41-B386-5F3C6C472C9D}.Release|x86.ActiveCfg = Release|Any CPU
		{AE432704-E368-4B41-B386-5F3C6C472C9D}.Release|x86.Build.0 = Release|Any CPU
		{985D02D5-B44D-4B6E-860A-A1D4FDFDEF45}.Debug|Any CPU.ActiveCfg = Debug|Any CPU
		{985D02D5-B44D-4B6E-860A-A1D4FDFDEF45}.Debug|Any CPU.Build.0 = Debug|Any CPU
		{985D02D5-B44D-4B6E-860A-A1D4FDFDEF45}.Debug|x64.ActiveCfg = Debug|Any CPU
		{985D02D5-B44D-4B6E-860A-A1D4FDFDEF45}.Debug|x64.Build.0 = Debug|Any CPU
		{985D02D5-B44D-4B6E-860A-A1D4FDFDEF45}.Debug|x86.ActiveCfg = Debug|Any CPU
		{985D02D5-B44D-4B6E-860A-A1D4FDFDEF45}.Debug|x86.Build.0 = Debug|Any CPU
		{985D02D5-B44D-4B6E-860A-A1D4FDFDEF45}.Release|Any CPU.ActiveCfg = Release|Any CPU
		{985D02D5-B44D-4B6E-860A-A1D4FDFDEF45}.Release|Any CPU.Build.0 = Release|Any CPU
		{985D02D5-B44D-4B6E-860A-A1D4FDFDEF45}.Release|x64.ActiveCfg = Release|Any CPU
		{985D02D5-B44D-4B6E-860A-A1D4FDFDEF45}.Release|x64.Build.0 = Release|Any CPU
		{985D02D5-B44D-4B6E-860A-A1D4FDFDEF45}.Release|x86.ActiveCfg = Release|Any CPU
		{985D02D5-B44D-4B6E-860A-A1D4FDFDEF45}.Release|x86.Build.0 = Release|Any CPU
		{CCC37BAE-041B-4E9F-81A1-1BCE21F420EB}.Debug|Any CPU.ActiveCfg = Debug|Any CPU
		{CCC37BAE-041B-4E9F-81A1-1BCE21F420EB}.Debug|Any CPU.Build.0 = Debug|Any CPU
		{CCC37BAE-041B-4E9F-81A1-1BCE21F420EB}.Debug|x64.ActiveCfg = Debug|Any CPU
		{CCC37BAE-041B-4E9F-81A1-1BCE21F420EB}.Debug|x64.Build.0 = Debug|Any CPU
		{CCC37BAE-041B-4E9F-81A1-1BCE21F420EB}.Debug|x86.ActiveCfg = Debug|Any CPU
		{CCC37BAE-041B-4E9F-81A1-1BCE21F420EB}.Debug|x86.Build.0 = Debug|Any CPU
		{CCC37BAE-041B-4E9F-81A1-1BCE21F420EB}.Release|Any CPU.ActiveCfg = Release|Any CPU
		{CCC37BAE-041B-4E9F-81A1-1BCE21F420EB}.Release|Any CPU.Build.0 = Release|Any CPU
		{CCC37BAE-041B-4E9F-81A1-1BCE21F420EB}.Release|x64.ActiveCfg = Release|Any CPU
		{CCC37BAE-041B-4E9F-81A1-1BCE21F420EB}.Release|x64.Build.0 = Release|Any CPU
		{CCC37BAE-041B-4E9F-81A1-1BCE21F420EB}.Release|x86.ActiveCfg = Release|Any CPU
		{CCC37BAE-041B-4E9F-81A1-1BCE21F420EB}.Release|x86.Build.0 = Release|Any CPU
	EndGlobalSection
	GlobalSection(NestedProjects) = preSolution
		{A1E4BAE9-C764-4802-A868-26AA58A22071} = {9DF7280A-6575-426F-9F27-E91F00D2382C}
		{217E72AC-0AEF-4B63-B866-050E845CB017} = {9DF7280A-6575-426F-9F27-E91F00D2382C}
		{9210D493-B0A5-4A32-95D9-5299D73C8F15} = {9DF7280A-6575-426F-9F27-E91F00D2382C}
		{361BF586-2BED-4960-B714-AF374F0B6980} = {9DF7280A-6575-426F-9F27-E91F00D2382C}
		{AE432704-E368-4B41-B386-5F3C6C472C9D} = {9DF7280A-6575-426F-9F27-E91F00D2382C}
		{985D02D5-B44D-4B6E-860A-A1D4FDFDEF45} = {9DF7280A-6575-426F-9F27-E91F00D2382C}
		{CCC37BAE-041B-4E9F-81A1-1BCE21F420EB} = {9DF7280A-6575-426F-9F27-E91F00D2382C}
	EndGlobalSection
EndGlobal
